
Microsoft Visual Studio Solution File, Format Version 12.00
# Visual Studio Version 16
VisualStudioVersion = 16.0.30914.41
MinimumVisualStudioVersion = 10.0.40219.1
Project("{9A19103F-16F7-4668-BE54-9A1E7A4F7556}") = "LastWeek", "LastWeek\LastWeek.csproj", "{B223085C-C829-4954-B1FE-ED50DB5CAA5F}"
EndProject
Project("{9A19103F-16F7-4668-BE54-9A1E7A4F7556}") = "Model", "Model\Model.csproj", "{55A790AA-3501-4C2E-B05B-6BA3C4ADCE29}"
EndProject
Project("{2150E333-8FDC-42A3-9474-1A3956D46DE8}") = "DAL", "DAL", "{8C26A26F-967B-4ACE-A1A3-6FEF7A876753}"
EndProject
Project("{2150E333-8FDC-42A3-9474-1A3956D46DE8}") = "Presentation", "Presentation", "{CB138AA0-EF67-454B-8441-64C67C11A682}"
EndProject
Project("{FAE04EC0-301F-11D3-BF4B-00C04F79EFBC}") = "Mobile.Android", "Mobile\Mobile.Android\Mobile.Android.csproj", "{878AA69F-6796-40FF-85EF-157A9262B9F1}"
EndProject
Project("{FAE04EC0-301F-11D3-BF4B-00C04F79EFBC}") = "Mobile.iOS", "Mobile\Mobile.iOS\Mobile.iOS.csproj", "{EB563093-DD51-4CDD-8C42-8888EC92BF74}"
EndProject
Project("{FAE04EC0-301F-11D3-BF4B-00C04F79EFBC}") = "Mobile", "Mobile\Mobile\Mobile.csproj", "{4D848D59-5A32-4017-8856-CDF9DF70C200}"
EndProject
Project("{FAE04EC0-301F-11D3-BF4B-00C04F79EFBC}") = "WebApp", "WebApp\WebApp.csproj", "{ED578409-27AB-4786-BE4C-9190100B7C20}"
EndProject
Global
	GlobalSection(SolutionConfigurationPlatforms) = preSolution
		Debug|Any CPU = Debug|Any CPU
		Debug|iPhone = Debug|iPhone
		Debug|iPhoneSimulator = Debug|iPhoneSimulator
		Release|Any CPU = Release|Any CPU
		Release|iPhone = Release|iPhone
		Release|iPhoneSimulator = Release|iPhoneSimulator
	EndGlobalSection
	GlobalSection(ProjectConfigurationPlatforms) = postSolution
		{B223085C-C829-4954-B1FE-ED50DB5CAA5F}.Debug|Any CPU.ActiveCfg = Debug|Any CPU
		{B223085C-C829-4954-B1FE-ED50DB5CAA5F}.Debug|Any CPU.Build.0 = Debug|Any CPU
		{B223085C-C829-4954-B1FE-ED50DB5CAA5F}.Debug|iPhone.ActiveCfg = Debug|Any CPU
		{B223085C-C829-4954-B1FE-ED50DB5CAA5F}.Debug|iPhone.Build.0 = Debug|Any CPU
		{B223085C-C829-4954-B1FE-ED50DB5CAA5F}.Debug|iPhoneSimulator.ActiveCfg = Debug|Any CPU
		{B223085C-C829-4954-B1FE-ED50DB5CAA5F}.Debug|iPhoneSimulator.Build.0 = Debug|Any CPU
		{B223085C-C829-4954-B1FE-ED50DB5CAA5F}.Release|Any CPU.ActiveCfg = Release|Any CPU
		{B223085C-C829-4954-B1FE-ED50DB5CAA5F}.Release|Any CPU.Build.0 = Release|Any CPU
		{B223085C-C829-4954-B1FE-ED50DB5CAA5F}.Release|iPhone.ActiveCfg = Release|Any CPU
		{B223085C-C829-4954-B1FE-ED50DB5CAA5F}.Release|iPhone.Build.0 = Release|Any CPU
		{B223085C-C829-4954-B1FE-ED50DB5CAA5F}.Release|iPhoneSimulator.ActiveCfg = Release|Any CPU
		{B223085C-C829-4954-B1FE-ED50DB5CAA5F}.Release|iPhoneSimulator.Build.0 = Release|Any CPU
		{55A790AA-3501-4C2E-B05B-6BA3C4ADCE29}.Debug|Any CPU.ActiveCfg = Debug|Any CPU
		{55A790AA-3501-4C2E-B05B-6BA3C4ADCE29}.Debug|Any CPU.Build.0 = Debug|Any CPU
		{55A790AA-3501-4C2E-B05B-6BA3C4ADCE29}.Debug|iPhone.ActiveCfg = Debug|Any CPU
		{55A790AA-3501-4C2E-B05B-6BA3C4ADCE29}.Debug|iPhone.Build.0 = Debug|Any CPU
		{55A790AA-3501-4C2E-B05B-6BA3C4ADCE29}.Debug|iPhoneSimulator.ActiveCfg = Debug|Any CPU
		{55A790AA-3501-4C2E-B05B-6BA3C4ADCE29}.Debug|iPhoneSimulator.Build.0 = Debug|Any CPU
		{55A790AA-3501-4C2E-B05B-6BA3C4ADCE29}.Release|Any CPU.ActiveCfg = Release|Any CPU
		{55A790AA-3501-4C2E-B05B-6BA3C4ADCE29}.Release|Any CPU.Build.0 = Release|Any CPU
		{55A790AA-3501-4C2E-B05B-6BA3C4ADCE29}.Release|iPhone.ActiveCfg = Release|Any CPU
		{55A790AA-3501-4C2E-B05B-6BA3C4ADCE29}.Release|iPhone.Build.0 = Release|Any CPU
		{55A790AA-3501-4C2E-B05B-6BA3C4ADCE29}.Release|iPhoneSimulator.ActiveCfg = Release|Any CPU
		{55A790AA-3501-4C2E-B05B-6BA3C4ADCE29}.Release|iPhoneSimulator.Build.0 = Release|Any CPU
		{878AA69F-6796-40FF-85EF-157A9262B9F1}.Debug|Any CPU.ActiveCfg = Debug|Any CPU
		{878AA69F-6796-40FF-85EF-157A9262B9F1}.Debug|Any CPU.Build.0 = Debug|Any CPU
		{878AA69F-6796-40FF-85EF-157A9262B9F1}.Debug|Any CPU.Deploy.0 = Debug|Any CPU
		{878AA69F-6796-40FF-85EF-157A9262B9F1}.Debug|iPhone.ActiveCfg = Debug|Any CPU
		{878AA69F-6796-40FF-85EF-157A9262B9F1}.Debug|iPhone.Build.0 = Debug|Any CPU
		{878AA69F-6796-40FF-85EF-157A9262B9F1}.Debug|iPhone.Deploy.0 = Debug|Any CPU
		{878AA69F-6796-40FF-85EF-157A9262B9F1}.Debug|iPhoneSimulator.ActiveCfg = Debug|Any CPU
		{878AA69F-6796-40FF-85EF-157A9262B9F1}.Debug|iPhoneSimulator.Build.0 = Debug|Any CPU
		{878AA69F-6796-40FF-85EF-157A9262B9F1}.Debug|iPhoneSimulator.Deploy.0 = Debug|Any CPU
		{878AA69F-6796-40FF-85EF-157A9262B9F1}.Release|Any CPU.ActiveCfg = Release|Any CPU
		{878AA69F-6796-40FF-85EF-157A9262B9F1}.Release|Any CPU.Build.0 = Release|Any CPU
		{878AA69F-6796-40FF-85EF-157A9262B9F1}.Release|Any CPU.Deploy.0 = Release|Any CPU
		{878AA69F-6796-40FF-85EF-157A9262B9F1}.Release|iPhone.ActiveCfg = Release|Any CPU
		{878AA69F-6796-40FF-85EF-157A9262B9F1}.Release|iPhone.Build.0 = Release|Any CPU
		{878AA69F-6796-40FF-85EF-157A9262B9F1}.Release|iPhone.Deploy.0 = Release|Any CPU
		{878AA69F-6796-40FF-85EF-157A9262B9F1}.Release|iPhoneSimulator.ActiveCfg = Release|Any CPU
		{878AA69F-6796-40FF-85EF-157A9262B9F1}.Release|iPhoneSimulator.Build.0 = Release|Any CPU
		{878AA69F-6796-40FF-85EF-157A9262B9F1}.Release|iPhoneSimulator.Deploy.0 = Release|Any CPU
		{EB563093-DD51-4CDD-8C42-8888EC92BF74}.Debug|Any CPU.ActiveCfg = Debug|iPhoneSimulator
		{EB563093-DD51-4CDD-8C42-8888EC92BF74}.Debug|iPhone.ActiveCfg = Debug|iPhone
		{EB563093-DD51-4CDD-8C42-8888EC92BF74}.Debug|iPhone.Build.0 = Debug|iPhone
		{EB563093-DD51-4CDD-8C42-8888EC92BF74}.Debug|iPhoneSimulator.ActiveCfg = Debug|iPhoneSimulator
		{EB563093-DD51-4CDD-8C42-8888EC92BF74}.Debug|iPhoneSimulator.Build.0 = Debug|iPhoneSimulator
		{EB563093-DD51-4CDD-8C42-8888EC92BF74}.Release|Any CPU.ActiveCfg = Release|iPhoneSimulator
		{EB563093-DD51-4CDD-8C42-8888EC92BF74}.Release|iPhone.ActiveCfg = Release|iPhone
		{EB563093-DD51-4CDD-8C42-8888EC92BF74}.Release|iPhone.Build.0 = Release|iPhone
		{EB563093-DD51-4CDD-8C42-8888EC92BF74}.Release|iPhoneSimulator.ActiveCfg = Release|iPhoneSimulator
		{EB563093-DD51-4CDD-8C42-8888EC92BF74}.Release|iPhoneSimulator.Build.0 = Release|iPhoneSimulator
		{4D848D59-5A32-4017-8856-CDF9DF70C200}.Debug|Any CPU.ActiveCfg = Debug|Any CPU
		{4D848D59-5A32-4017-8856-CDF9DF70C200}.Debug|Any CPU.Build.0 = Debug|Any CPU
		{4D848D59-5A32-4017-8856-CDF9DF70C200}.Debug|iPhone.ActiveCfg = Debug|Any CPU
		{4D848D59-5A32-4017-8856-CDF9DF70C200}.Debug|iPhone.Build.0 = Debug|Any CPU
		{4D848D59-5A32-4017-8856-CDF9DF70C200}.Debug|iPhoneSimulator.ActiveCfg = Debug|Any CPU
		{4D848D59-5A32-4017-8856-CDF9DF70C200}.Debug|iPhoneSimulator.Build.0 = Debug|Any CPU
		{4D848D59-5A32-4017-8856-CDF9DF70C200}.Release|Any CPU.ActiveCfg = Release|Any CPU
		{4D848D59-5A32-4017-8856-CDF9DF70C200}.Release|Any CPU.Build.0 = Release|Any CPU
		{4D848D59-5A32-4017-8856-CDF9DF70C200}.Release|iPhone.ActiveCfg = Release|Any CPU
		{4D848D59-5A32-4017-8856-CDF9DF70C200}.Release|iPhone.Build.0 = Release|Any CPU
		{4D848D59-5A32-4017-8856-CDF9DF70C200}.Release|iPhoneSimulator.ActiveCfg = Release|Any CPU
		{4D848D59-5A32-4017-8856-CDF9DF70C200}.Release|iPhoneSimulator.Build.0 = Release|Any CPU
		{ED578409-27AB-4786-BE4C-9190100B7C20}.Debug|Any CPU.ActiveCfg = Debug|Any CPU
		{ED578409-27AB-4786-BE4C-9190100B7C20}.Debug|Any CPU.Build.0 = Debug|Any CPU
		{ED578409-27AB-4786-BE4C-9190100B7C20}.Debug|iPhone.ActiveCfg = Debug|Any CPU
		{ED578409-27AB-4786-BE4C-9190100B7C20}.Debug|iPhone.Build.0 = Debug|Any CPU
		{ED578409-27AB-4786-BE4C-9190100B7C20}.Debug|iPhoneSimulator.ActiveCfg = Debug|Any CPU
		{ED578409-27AB-4786-BE4C-9190100B7C20}.Debug|iPhoneSimulator.Build.0 = Debug|Any CPU
		{ED578409-27AB-4786-BE4C-9190100B7C20}.Release|Any CPU.ActiveCfg = Release|Any CPU
		{ED578409-27AB-4786-BE4C-9190100B7C20}.Release|Any CPU.Build.0 = Release|Any CPU
		{ED578409-27AB-4786-BE4C-9190100B7C20}.Release|iPhone.ActiveCfg = Release|Any CPU
		{ED578409-27AB-4786-BE4C-9190100B7C20}.Release|iPhone.Build.0 = Release|Any CPU
		{ED578409-27AB-4786-BE4C-9190100B7C20}.Release|iPhoneSimulator.ActiveCfg = Release|Any CPU
		{ED578409-27AB-4786-BE4C-9190100B7C20}.Release|iPhoneSimulator.Build.0 = Release|Any CPU
	EndGlobalSection
	GlobalSection(SolutionProperties) = preSolution
		HideSolutionNode = FALSE
	EndGlobalSection
	GlobalSection(NestedProjects) = preSolution
		{55A790AA-3501-4C2E-B05B-6BA3C4ADCE29} = {8C26A26F-967B-4ACE-A1A3-6FEF7A876753}
		{878AA69F-6796-40FF-85EF-157A9262B9F1} = {CB138AA0-EF67-454B-8441-64C67C11A682}
		{EB563093-DD51-4CDD-8C42-8888EC92BF74} = {CB138AA0-EF67-454B-8441-64C67C11A682}
		{4D848D59-5A32-4017-8856-CDF9DF70C200} = {CB138AA0-EF67-454B-8441-64C67C11A682}
		{ED578409-27AB-4786-BE4C-9190100B7C20} = {CB138AA0-EF67-454B-8441-64C67C11A682}
	EndGlobalSection
	GlobalSection(ExtensibilityGlobals) = postSolution
		SolutionGuid = {3DB6815D-090E-4A17-9D25-328BB36989AF}
	EndGlobalSection
EndGlobal
