
Microsoft Visual Studio Solution File, Format Version 12.00
# Visual Studio Version 17
VisualStudioVersion = 17.0.32014.148
MinimumVisualStudioVersion = 10.0.40219.1
Project("{2150E333-8FDC-42A3-9474-1A3956D46DE8}") = "DAL", "DAL", "{8C26A26F-967B-4ACE-A1A3-6FEF7A876753}"
EndProject
Project("{2150E333-8FDC-42A3-9474-1A3956D46DE8}") = "Presentation", "Presentation", "{CB138AA0-EF67-454B-8441-64C67C11A682}"
EndProject
Project("{9A19103F-16F7-4668-BE54-9A1E7A4F7556}") = "DataManager", "DataManager\DataManager.csproj", "{AEE48722-F686-43B3-97B4-020D143BD6C6}"
EndProject
Project("{2150E333-8FDC-42A3-9474-1A3956D46DE8}") = "Tests", "Tests", "{4FE80762-5B5A-4A46-89A4-897433424512}"
EndProject
Project("{FAE04EC0-301F-11D3-BF4B-00C04F79EFBC}") = "Mobile.Android", "Mobile\Mobile.Android\Mobile.Android.csproj", "{64976E97-4E3E-46D1-8B25-CD814C915E42}"
EndProject
Project("{FAE04EC0-301F-11D3-BF4B-00C04F79EFBC}") = "Mobile.iOS", "Mobile\Mobile.iOS\Mobile.iOS.csproj", "{A0B58DCD-C372-4AB1-ACFE-23F96C38EB14}"
EndProject
Project("{9A19103F-16F7-4668-BE54-9A1E7A4F7556}") = "Mobile", "Mobile\Mobile\Mobile.csproj", "{87A1E802-8CDD-459E-B8E2-BA0D3464AB90}"
EndProject
Project("{9A19103F-16F7-4668-BE54-9A1E7A4F7556}") = "LastWeek.Model", "LastWeek.Model\LastWeek.Model.csproj", "{52B4F0EC-1816-4355-82FD-6016A38E24DE}"
EndProject
Project("{9A19103F-16F7-4668-BE54-9A1E7A4F7556}") = "LastWeek.Model.Tests", "Tests\LastWeek.Model.Tests\LastWeek.Model.Tests.csproj", "{A5CE1025-BCC0-4F14-8759-3BEA876FB155}"
EndProject
Project("{9A19103F-16F7-4668-BE54-9A1E7A4F7556}") = "DataManager.Tests", "Tests\DataManager.Tests\DataManager.Tests.csproj", "{FD826E62-FBC7-4C56-8166-876979CF2029}"
EndProject
Project("{9A19103F-16F7-4668-BE54-9A1E7A4F7556}") = "LastWeek.Web", "LastWeek.Web\LastWeek.Web.csproj", "{855CA5E2-CDE3-4C59-B003-EAC628D71A37}"
EndProject
Project("{2150E333-8FDC-42A3-9474-1A3956D46DE8}") = "Services", "Services", "{1CF09B53-1191-41C6-B2AA-7E969EA6EEDD}"
EndProject
Project("{9A19103F-16F7-4668-BE54-9A1E7A4F7556}") = "LastWeek.Exporter", "LastWeek.Exporter\LastWeek.Exporter.csproj", "{C040AFF2-0B5C-4714-83B0-BD20E1A5A598}"
EndProject
Project("{9A19103F-16F7-4668-BE54-9A1E7A4F7556}") = "Tools", "Tools\Tools.csproj", "{CD0761F9-714A-433D-AE16-3D2C657401E7}"
EndProject
Project("{FAE04EC0-301F-11D3-BF4B-00C04F79EFBC}") = "LastWeek.MAUI", "LastWeek.MAUI\LastWeek.MAUI.csproj", "{43BB287A-150F-47AE-8886-5714E26B3053}"
EndProject
Global
	GlobalSection(SolutionConfigurationPlatforms) = preSolution
		Debug|Any CPU = Debug|Any CPU
		Debug|iPhone = Debug|iPhone
		Debug|iPhoneSimulator = Debug|iPhoneSimulator
		Release|Any CPU = Release|Any CPU
		Release|iPhone = Release|iPhone
		Release|iPhoneSimulator = Release|iPhoneSimulator
	EndGlobalSection
	GlobalSection(ProjectConfigurationPlatforms) = postSolution
		{AEE48722-F686-43B3-97B4-020D143BD6C6}.Debug|Any CPU.ActiveCfg = Debug|Any CPU
		{AEE48722-F686-43B3-97B4-020D143BD6C6}.Debug|Any CPU.Build.0 = Debug|Any CPU
		{AEE48722-F686-43B3-97B4-020D143BD6C6}.Debug|iPhone.ActiveCfg = Debug|Any CPU
		{AEE48722-F686-43B3-97B4-020D143BD6C6}.Debug|iPhone.Build.0 = Debug|Any CPU
		{AEE48722-F686-43B3-97B4-020D143BD6C6}.Debug|iPhoneSimulator.ActiveCfg = Debug|Any CPU
		{AEE48722-F686-43B3-97B4-020D143BD6C6}.Debug|iPhoneSimulator.Build.0 = Debug|Any CPU
		{AEE48722-F686-43B3-97B4-020D143BD6C6}.Release|Any CPU.ActiveCfg = Release|Any CPU
		{AEE48722-F686-43B3-97B4-020D143BD6C6}.Release|Any CPU.Build.0 = Release|Any CPU
		{AEE48722-F686-43B3-97B4-020D143BD6C6}.Release|iPhone.ActiveCfg = Release|Any CPU
		{AEE48722-F686-43B3-97B4-020D143BD6C6}.Release|iPhone.Build.0 = Release|Any CPU
		{AEE48722-F686-43B3-97B4-020D143BD6C6}.Release|iPhoneSimulator.ActiveCfg = Release|Any CPU
		{AEE48722-F686-43B3-97B4-020D143BD6C6}.Release|iPhoneSimulator.Build.0 = Release|Any CPU
		{64976E97-4E3E-46D1-8B25-CD814C915E42}.Debug|Any CPU.ActiveCfg = Debug|Any CPU
		{64976E97-4E3E-46D1-8B25-CD814C915E42}.Debug|Any CPU.Build.0 = Debug|Any CPU
		{64976E97-4E3E-46D1-8B25-CD814C915E42}.Debug|Any CPU.Deploy.0 = Debug|Any CPU
		{64976E97-4E3E-46D1-8B25-CD814C915E42}.Debug|iPhone.ActiveCfg = Debug|Any CPU
		{64976E97-4E3E-46D1-8B25-CD814C915E42}.Debug|iPhone.Build.0 = Debug|Any CPU
		{64976E97-4E3E-46D1-8B25-CD814C915E42}.Debug|iPhone.Deploy.0 = Debug|Any CPU
		{64976E97-4E3E-46D1-8B25-CD814C915E42}.Debug|iPhoneSimulator.ActiveCfg = Debug|Any CPU
		{64976E97-4E3E-46D1-8B25-CD814C915E42}.Debug|iPhoneSimulator.Build.0 = Debug|Any CPU
		{64976E97-4E3E-46D1-8B25-CD814C915E42}.Debug|iPhoneSimulator.Deploy.0 = Debug|Any CPU
		{64976E97-4E3E-46D1-8B25-CD814C915E42}.Release|Any CPU.ActiveCfg = Release|Any CPU
		{64976E97-4E3E-46D1-8B25-CD814C915E42}.Release|Any CPU.Build.0 = Release|Any CPU
		{64976E97-4E3E-46D1-8B25-CD814C915E42}.Release|Any CPU.Deploy.0 = Release|Any CPU
		{64976E97-4E3E-46D1-8B25-CD814C915E42}.Release|iPhone.ActiveCfg = Release|Any CPU
		{64976E97-4E3E-46D1-8B25-CD814C915E42}.Release|iPhone.Build.0 = Release|Any CPU
		{64976E97-4E3E-46D1-8B25-CD814C915E42}.Release|iPhone.Deploy.0 = Release|Any CPU
		{64976E97-4E3E-46D1-8B25-CD814C915E42}.Release|iPhoneSimulator.ActiveCfg = Release|Any CPU
		{64976E97-4E3E-46D1-8B25-CD814C915E42}.Release|iPhoneSimulator.Build.0 = Release|Any CPU
		{64976E97-4E3E-46D1-8B25-CD814C915E42}.Release|iPhoneSimulator.Deploy.0 = Release|Any CPU
		{A0B58DCD-C372-4AB1-ACFE-23F96C38EB14}.Debug|Any CPU.ActiveCfg = Debug|iPhoneSimulator
		{A0B58DCD-C372-4AB1-ACFE-23F96C38EB14}.Debug|iPhone.ActiveCfg = Debug|iPhone
		{A0B58DCD-C372-4AB1-ACFE-23F96C38EB14}.Debug|iPhone.Build.0 = Debug|iPhone
		{A0B58DCD-C372-4AB1-ACFE-23F96C38EB14}.Debug|iPhoneSimulator.ActiveCfg = Debug|iPhoneSimulator
		{A0B58DCD-C372-4AB1-ACFE-23F96C38EB14}.Debug|iPhoneSimulator.Build.0 = Debug|iPhoneSimulator
		{A0B58DCD-C372-4AB1-ACFE-23F96C38EB14}.Release|Any CPU.ActiveCfg = Release|iPhoneSimulator
		{A0B58DCD-C372-4AB1-ACFE-23F96C38EB14}.Release|iPhone.ActiveCfg = Release|iPhone
		{A0B58DCD-C372-4AB1-ACFE-23F96C38EB14}.Release|iPhone.Build.0 = Release|iPhone
		{A0B58DCD-C372-4AB1-ACFE-23F96C38EB14}.Release|iPhoneSimulator.ActiveCfg = Release|iPhoneSimulator
		{A0B58DCD-C372-4AB1-ACFE-23F96C38EB14}.Release|iPhoneSimulator.Build.0 = Release|iPhoneSimulator
		{87A1E802-8CDD-459E-B8E2-BA0D3464AB90}.Debug|Any CPU.ActiveCfg = Debug|Any CPU
		{87A1E802-8CDD-459E-B8E2-BA0D3464AB90}.Debug|iPhone.ActiveCfg = Debug|Any CPU
		{87A1E802-8CDD-459E-B8E2-BA0D3464AB90}.Debug|iPhone.Build.0 = Debug|Any CPU
		{87A1E802-8CDD-459E-B8E2-BA0D3464AB90}.Debug|iPhoneSimulator.ActiveCfg = Debug|Any CPU
		{87A1E802-8CDD-459E-B8E2-BA0D3464AB90}.Debug|iPhoneSimulator.Build.0 = Debug|Any CPU
		{87A1E802-8CDD-459E-B8E2-BA0D3464AB90}.Release|Any CPU.ActiveCfg = Release|Any CPU
		{87A1E802-8CDD-459E-B8E2-BA0D3464AB90}.Release|iPhone.ActiveCfg = Release|Any CPU
		{87A1E802-8CDD-459E-B8E2-BA0D3464AB90}.Release|iPhone.Build.0 = Release|Any CPU
		{87A1E802-8CDD-459E-B8E2-BA0D3464AB90}.Release|iPhoneSimulator.ActiveCfg = Release|Any CPU
		{87A1E802-8CDD-459E-B8E2-BA0D3464AB90}.Release|iPhoneSimulator.Build.0 = Release|Any CPU
		{52B4F0EC-1816-4355-82FD-6016A38E24DE}.Debug|Any CPU.ActiveCfg = Debug|Any CPU
		{52B4F0EC-1816-4355-82FD-6016A38E24DE}.Debug|Any CPU.Build.0 = Debug|Any CPU
		{52B4F0EC-1816-4355-82FD-6016A38E24DE}.Debug|iPhone.ActiveCfg = Debug|Any CPU
		{52B4F0EC-1816-4355-82FD-6016A38E24DE}.Debug|iPhone.Build.0 = Debug|Any CPU
		{52B4F0EC-1816-4355-82FD-6016A38E24DE}.Debug|iPhoneSimulator.ActiveCfg = Debug|Any CPU
		{52B4F0EC-1816-4355-82FD-6016A38E24DE}.Debug|iPhoneSimulator.Build.0 = Debug|Any CPU
		{52B4F0EC-1816-4355-82FD-6016A38E24DE}.Release|Any CPU.ActiveCfg = Release|Any CPU
		{52B4F0EC-1816-4355-82FD-6016A38E24DE}.Release|Any CPU.Build.0 = Release|Any CPU
		{52B4F0EC-1816-4355-82FD-6016A38E24DE}.Release|iPhone.ActiveCfg = Release|Any CPU
		{52B4F0EC-1816-4355-82FD-6016A38E24DE}.Release|iPhone.Build.0 = Release|Any CPU
		{52B4F0EC-1816-4355-82FD-6016A38E24DE}.Release|iPhoneSimulator.ActiveCfg = Release|Any CPU
		{52B4F0EC-1816-4355-82FD-6016A38E24DE}.Release|iPhoneSimulator.Build.0 = Release|Any CPU
		{A5CE1025-BCC0-4F14-8759-3BEA876FB155}.Debug|Any CPU.ActiveCfg = Debug|Any CPU
		{A5CE1025-BCC0-4F14-8759-3BEA876FB155}.Debug|Any CPU.Build.0 = Debug|Any CPU
		{A5CE1025-BCC0-4F14-8759-3BEA876FB155}.Debug|iPhone.ActiveCfg = Debug|Any CPU
		{A5CE1025-BCC0-4F14-8759-3BEA876FB155}.Debug|iPhone.Build.0 = Debug|Any CPU
		{A5CE1025-BCC0-4F14-8759-3BEA876FB155}.Debug|iPhoneSimulator.ActiveCfg = Debug|Any CPU
		{A5CE1025-BCC0-4F14-8759-3BEA876FB155}.Debug|iPhoneSimulator.Build.0 = Debug|Any CPU
		{A5CE1025-BCC0-4F14-8759-3BEA876FB155}.Release|Any CPU.ActiveCfg = Release|Any CPU
		{A5CE1025-BCC0-4F14-8759-3BEA876FB155}.Release|Any CPU.Build.0 = Release|Any CPU
		{A5CE1025-BCC0-4F14-8759-3BEA876FB155}.Release|iPhone.ActiveCfg = Release|Any CPU
		{A5CE1025-BCC0-4F14-8759-3BEA876FB155}.Release|iPhone.Build.0 = Release|Any CPU
		{A5CE1025-BCC0-4F14-8759-3BEA876FB155}.Release|iPhoneSimulator.ActiveCfg = Release|Any CPU
		{A5CE1025-BCC0-4F14-8759-3BEA876FB155}.Release|iPhoneSimulator.Build.0 = Release|Any CPU
		{FD826E62-FBC7-4C56-8166-876979CF2029}.Debug|Any CPU.ActiveCfg = Debug|Any CPU
		{FD826E62-FBC7-4C56-8166-876979CF2029}.Debug|Any CPU.Build.0 = Debug|Any CPU
		{FD826E62-FBC7-4C56-8166-876979CF2029}.Debug|iPhone.ActiveCfg = Debug|Any CPU
		{FD826E62-FBC7-4C56-8166-876979CF2029}.Debug|iPhone.Build.0 = Debug|Any CPU
		{FD826E62-FBC7-4C56-8166-876979CF2029}.Debug|iPhoneSimulator.ActiveCfg = Debug|Any CPU
		{FD826E62-FBC7-4C56-8166-876979CF2029}.Debug|iPhoneSimulator.Build.0 = Debug|Any CPU
		{FD826E62-FBC7-4C56-8166-876979CF2029}.Release|Any CPU.ActiveCfg = Release|Any CPU
		{FD826E62-FBC7-4C56-8166-876979CF2029}.Release|Any CPU.Build.0 = Release|Any CPU
		{FD826E62-FBC7-4C56-8166-876979CF2029}.Release|iPhone.ActiveCfg = Release|Any CPU
		{FD826E62-FBC7-4C56-8166-876979CF2029}.Release|iPhone.Build.0 = Release|Any CPU
		{FD826E62-FBC7-4C56-8166-876979CF2029}.Release|iPhoneSimulator.ActiveCfg = Release|Any CPU
		{FD826E62-FBC7-4C56-8166-876979CF2029}.Release|iPhoneSimulator.Build.0 = Release|Any CPU
		{855CA5E2-CDE3-4C59-B003-EAC628D71A37}.Debug|Any CPU.ActiveCfg = Debug|Any CPU
		{855CA5E2-CDE3-4C59-B003-EAC628D71A37}.Debug|Any CPU.Build.0 = Debug|Any CPU
		{855CA5E2-CDE3-4C59-B003-EAC628D71A37}.Debug|iPhone.ActiveCfg = Debug|Any CPU
		{855CA5E2-CDE3-4C59-B003-EAC628D71A37}.Debug|iPhone.Build.0 = Debug|Any CPU
		{855CA5E2-CDE3-4C59-B003-EAC628D71A37}.Debug|iPhoneSimulator.ActiveCfg = Debug|Any CPU
		{855CA5E2-CDE3-4C59-B003-EAC628D71A37}.Debug|iPhoneSimulator.Build.0 = Debug|Any CPU
		{855CA5E2-CDE3-4C59-B003-EAC628D71A37}.Release|Any CPU.ActiveCfg = Release|Any CPU
		{855CA5E2-CDE3-4C59-B003-EAC628D71A37}.Release|Any CPU.Build.0 = Release|Any CPU
		{855CA5E2-CDE3-4C59-B003-EAC628D71A37}.Release|iPhone.ActiveCfg = Release|Any CPU
		{855CA5E2-CDE3-4C59-B003-EAC628D71A37}.Release|iPhone.Build.0 = Release|Any CPU
		{855CA5E2-CDE3-4C59-B003-EAC628D71A37}.Release|iPhoneSimulator.ActiveCfg = Release|Any CPU
		{855CA5E2-CDE3-4C59-B003-EAC628D71A37}.Release|iPhoneSimulator.Build.0 = Release|Any CPU
		{C040AFF2-0B5C-4714-83B0-BD20E1A5A598}.Debug|Any CPU.ActiveCfg = Debug|Any CPU
		{C040AFF2-0B5C-4714-83B0-BD20E1A5A598}.Debug|Any CPU.Build.0 = Debug|Any CPU
		{C040AFF2-0B5C-4714-83B0-BD20E1A5A598}.Debug|iPhone.ActiveCfg = Debug|Any CPU
		{C040AFF2-0B5C-4714-83B0-BD20E1A5A598}.Debug|iPhone.Build.0 = Debug|Any CPU
		{C040AFF2-0B5C-4714-83B0-BD20E1A5A598}.Debug|iPhoneSimulator.ActiveCfg = Debug|Any CPU
		{C040AFF2-0B5C-4714-83B0-BD20E1A5A598}.Debug|iPhoneSimulator.Build.0 = Debug|Any CPU
		{C040AFF2-0B5C-4714-83B0-BD20E1A5A598}.Release|Any CPU.ActiveCfg = Release|Any CPU
		{C040AFF2-0B5C-4714-83B0-BD20E1A5A598}.Release|Any CPU.Build.0 = Release|Any CPU
		{C040AFF2-0B5C-4714-83B0-BD20E1A5A598}.Release|iPhone.ActiveCfg = Release|Any CPU
		{C040AFF2-0B5C-4714-83B0-BD20E1A5A598}.Release|iPhone.Build.0 = Release|Any CPU
		{C040AFF2-0B5C-4714-83B0-BD20E1A5A598}.Release|iPhoneSimulator.ActiveCfg = Release|Any CPU
		{C040AFF2-0B5C-4714-83B0-BD20E1A5A598}.Release|iPhoneSimulator.Build.0 = Release|Any CPU
		{CD0761F9-714A-433D-AE16-3D2C657401E7}.Debug|Any CPU.ActiveCfg = Debug|Any CPU
		{CD0761F9-714A-433D-AE16-3D2C657401E7}.Debug|Any CPU.Build.0 = Debug|Any CPU
		{CD0761F9-714A-433D-AE16-3D2C657401E7}.Debug|iPhone.ActiveCfg = Debug|Any CPU
		{CD0761F9-714A-433D-AE16-3D2C657401E7}.Debug|iPhone.Build.0 = Debug|Any CPU
		{CD0761F9-714A-433D-AE16-3D2C657401E7}.Debug|iPhoneSimulator.ActiveCfg = Debug|Any CPU
		{CD0761F9-714A-433D-AE16-3D2C657401E7}.Debug|iPhoneSimulator.Build.0 = Debug|Any CPU
		{CD0761F9-714A-433D-AE16-3D2C657401E7}.Release|Any CPU.ActiveCfg = Release|Any CPU
		{CD0761F9-714A-433D-AE16-3D2C657401E7}.Release|Any CPU.Build.0 = Release|Any CPU
		{CD0761F9-714A-433D-AE16-3D2C657401E7}.Release|iPhone.ActiveCfg = Release|Any CPU
		{CD0761F9-714A-433D-AE16-3D2C657401E7}.Release|iPhone.Build.0 = Release|Any CPU
		{CD0761F9-714A-433D-AE16-3D2C657401E7}.Release|iPhoneSimulator.ActiveCfg = Release|Any CPU
		{CD0761F9-714A-433D-AE16-3D2C657401E7}.Release|iPhoneSimulator.Build.0 = Release|Any CPU
		{43BB287A-150F-47AE-8886-5714E26B3053}.Debug|Any CPU.ActiveCfg = Debug|Any CPU
		{43BB287A-150F-47AE-8886-5714E26B3053}.Debug|Any CPU.Build.0 = Debug|Any CPU
		{43BB287A-150F-47AE-8886-5714E26B3053}.Debug|Any CPU.Deploy.0 = Debug|Any CPU
		{43BB287A-150F-47AE-8886-5714E26B3053}.Debug|iPhone.ActiveCfg = Debug|Any CPU
		{43BB287A-150F-47AE-8886-5714E26B3053}.Debug|iPhone.Build.0 = Debug|Any CPU
		{43BB287A-150F-47AE-8886-5714E26B3053}.Debug|iPhone.Deploy.0 = Debug|Any CPU
		{43BB287A-150F-47AE-8886-5714E26B3053}.Debug|iPhoneSimulator.ActiveCfg = Debug|Any CPU
		{43BB287A-150F-47AE-8886-5714E26B3053}.Debug|iPhoneSimulator.Build.0 = Debug|Any CPU
		{43BB287A-150F-47AE-8886-5714E26B3053}.Debug|iPhoneSimulator.Deploy.0 = Debug|Any CPU
		{43BB287A-150F-47AE-8886-5714E26B3053}.Release|Any CPU.ActiveCfg = Release|Any CPU
		{43BB287A-150F-47AE-8886-5714E26B3053}.Release|Any CPU.Build.0 = Release|Any CPU
		{43BB287A-150F-47AE-8886-5714E26B3053}.Release|Any CPU.Deploy.0 = Release|Any CPU
		{43BB287A-150F-47AE-8886-5714E26B3053}.Release|iPhone.ActiveCfg = Release|Any CPU
		{43BB287A-150F-47AE-8886-5714E26B3053}.Release|iPhone.Build.0 = Release|Any CPU
		{43BB287A-150F-47AE-8886-5714E26B3053}.Release|iPhone.Deploy.0 = Release|Any CPU
		{43BB287A-150F-47AE-8886-5714E26B3053}.Release|iPhoneSimulator.ActiveCfg = Release|Any CPU
		{43BB287A-150F-47AE-8886-5714E26B3053}.Release|iPhoneSimulator.Build.0 = Release|Any CPU
		{43BB287A-150F-47AE-8886-5714E26B3053}.Release|iPhoneSimulator.Deploy.0 = Release|Any CPU
	EndGlobalSection
	GlobalSection(SolutionProperties) = preSolution
		HideSolutionNode = FALSE
	EndGlobalSection
	GlobalSection(NestedProjects) = preSolution
		{AEE48722-F686-43B3-97B4-020D143BD6C6} = {8C26A26F-967B-4ACE-A1A3-6FEF7A876753}
		{64976E97-4E3E-46D1-8B25-CD814C915E42} = {CB138AA0-EF67-454B-8441-64C67C11A682}
		{A0B58DCD-C372-4AB1-ACFE-23F96C38EB14} = {CB138AA0-EF67-454B-8441-64C67C11A682}
		{87A1E802-8CDD-459E-B8E2-BA0D3464AB90} = {CB138AA0-EF67-454B-8441-64C67C11A682}
		{52B4F0EC-1816-4355-82FD-6016A38E24DE} = {8C26A26F-967B-4ACE-A1A3-6FEF7A876753}
		{A5CE1025-BCC0-4F14-8759-3BEA876FB155} = {4FE80762-5B5A-4A46-89A4-897433424512}
		{FD826E62-FBC7-4C56-8166-876979CF2029} = {4FE80762-5B5A-4A46-89A4-897433424512}
		{855CA5E2-CDE3-4C59-B003-EAC628D71A37} = {CB138AA0-EF67-454B-8441-64C67C11A682}
		{C040AFF2-0B5C-4714-83B0-BD20E1A5A598} = {1CF09B53-1191-41C6-B2AA-7E969EA6EEDD}
		{43BB287A-150F-47AE-8886-5714E26B3053} = {CB138AA0-EF67-454B-8441-64C67C11A682}
	EndGlobalSection
	GlobalSection(ExtensibilityGlobals) = postSolution
		SolutionGuid = {3DB6815D-090E-4A17-9D25-328BB36989AF}
	EndGlobalSection
EndGlobal
